
Microsoft Visual Studio Solution File, Format Version 12.00
# Visual Studio Version 16
VisualStudioVersion = 16.0.34729.46
MinimumVisualStudioVersion = 10.0.40219.1
Project("{FAE04EC0-301F-11D3-BF4B-00C04F79EFBC}") = "TaskManagement", "TaskManagement\TaskManagement.csproj", "{65B9CA83-B90D-4C80-93F8-139482C4424F}"
EndProject
Project("{FAE04EC0-301F-11D3-BF4B-00C04F79EFBC}") = "TaskManagement.Helper", "TaskManagement.Helper\TaskManagement.Helper.csproj", "{5C680CA6-3A4F-4FC0-906F-9A57B7A871E5}"
EndProject
Project("{FAE04EC0-301F-11D3-BF4B-00C04F79EFBC}") = "TaskManagement.Repository", "TaskManagement.Repository\TaskManagement.Repository.csproj", "{535ECFA1-41D8-4B7E-8438-87B794945452}"
EndProject
Project("{FAE04EC0-301F-11D3-BF4B-00C04F79EFBC}") = "TaskManagement.Models", "TaskManagement.Models\TaskManagement.Models.csproj", "{A9F25795-0DE9-4B6F-9475-2AAD1CDB170C}"
EndProject
Global
	GlobalSection(SolutionConfigurationPlatforms) = preSolution
		Debug|Any CPU = Debug|Any CPU
		Release|Any CPU = Release|Any CPU
	EndGlobalSection
	GlobalSection(ProjectConfigurationPlatforms) = postSolution
		{65B9CA83-B90D-4C80-93F8-139482C4424F}.Debug|Any CPU.ActiveCfg = Debug|Any CPU
		{65B9CA83-B90D-4C80-93F8-139482C4424F}.Debug|Any CPU.Build.0 = Debug|Any CPU
		{65B9CA83-B90D-4C80-93F8-139482C4424F}.Release|Any CPU.ActiveCfg = Release|Any CPU
		{65B9CA83-B90D-4C80-93F8-139482C4424F}.Release|Any CPU.Build.0 = Release|Any CPU
		{5C680CA6-3A4F-4FC0-906F-9A57B7A871E5}.Debug|Any CPU.ActiveCfg = Debug|Any CPU
		{5C680CA6-3A4F-4FC0-906F-9A57B7A871E5}.Debug|Any CPU.Build.0 = Debug|Any CPU
		{5C680CA6-3A4F-4FC0-906F-9A57B7A871E5}.Release|Any CPU.ActiveCfg = Release|Any CPU
		{5C680CA6-3A4F-4FC0-906F-9A57B7A871E5}.Release|Any CPU.Build.0 = Release|Any CPU
		{535ECFA1-41D8-4B7E-8438-87B794945452}.Debug|Any CPU.ActiveCfg = Debug|Any CPU
		{535ECFA1-41D8-4B7E-8438-87B794945452}.Debug|Any CPU.Build.0 = Debug|Any CPU
		{535ECFA1-41D8-4B7E-8438-87B794945452}.Release|Any CPU.ActiveCfg = Release|Any CPU
		{535ECFA1-41D8-4B7E-8438-87B794945452}.Release|Any CPU.Build.0 = Release|Any CPU
		{A9F25795-0DE9-4B6F-9475-2AAD1CDB170C}.Debug|Any CPU.ActiveCfg = Debug|Any CPU
		{A9F25795-0DE9-4B6F-9475-2AAD1CDB170C}.Debug|Any CPU.Build.0 = Debug|Any CPU
		{A9F25795-0DE9-4B6F-9475-2AAD1CDB170C}.Release|Any CPU.ActiveCfg = Release|Any CPU
		{A9F25795-0DE9-4B6F-9475-2AAD1CDB170C}.Release|Any CPU.Build.0 = Release|Any CPU
	EndGlobalSection
	GlobalSection(SolutionProperties) = preSolution
		HideSolutionNode = FALSE
	EndGlobalSection
	GlobalSection(ExtensibilityGlobals) = postSolution
		SolutionGuid = {54A22F99-F160-4CFE-84F0-42348228D465}
	EndGlobalSection
EndGlobal
